
Microsoft Visual Studio Solution File, Format Version 12.00
# Visual Studio Version 17
VisualStudioVersion = 17.3.32901.215
MinimumVisualStudioVersion = 10.0.40219.1
Project("{FAE04EC0-301F-11D3-BF4B-00C04F79EFBC}") = "WebApi", "WebApi\WebApi.csproj", "{47074EB1-FE65-466D-93CB-7713D0352526}"
EndProject
Global
	GlobalSection(SolutionConfigurationPlatforms) = preSolution
		Debug|Any CPU = Debug|Any CPU
		Release|Any CPU = Release|Any CPU
	EndGlobalSection
	GlobalSection(ProjectConfigurationPlatforms) = postSolution
		{47074EB1-FE65-466D-93CB-7713D0352526}.Debug|Any CPU.ActiveCfg = Debug|Any CPU
		{47074EB1-FE65-466D-93CB-7713D0352526}.Debug|Any CPU.Build.0 = Debug|Any CPU
		{47074EB1-FE65-466D-93CB-7713D0352526}.Release|Any CPU.ActiveCfg = Release|Any CPU
		{47074EB1-FE65-466D-93CB-7713D0352526}.Release|Any CPU.Build.0 = Release|Any CPU
	EndGlobalSection
	GlobalSection(SolutionProperties) = preSolution
		HideSolutionNode = FALSE
	EndGlobalSection
	GlobalSection(ExtensibilityGlobals) = postSolution
		SolutionGuid = {74C66EC3-DCA0-49EF-B699-AE988D4CA90E}
	EndGlobalSection
EndGlobal
