
Microsoft Visual Studio Solution File, Format Version 12.00
# Visual Studio Version 17
VisualStudioVersion = 17.3.32901.215
MinimumVisualStudioVersion = 10.0.40219.1
Project("{FAE04EC0-301F-11D3-BF4B-00C04F79EFBC}") = "LinqPractices", "LinqPractices\LinqPractices.csproj", "{47AD9C93-CA17-4D08-BD08-7D6EB2A0426F}"
EndProject
Global
	GlobalSection(SolutionConfigurationPlatforms) = preSolution
		Debug|Any CPU = Debug|Any CPU
		Release|Any CPU = Release|Any CPU
	EndGlobalSection
	GlobalSection(ProjectConfigurationPlatforms) = postSolution
		{47AD9C93-CA17-4D08-BD08-7D6EB2A0426F}.Debug|Any CPU.ActiveCfg = Debug|Any CPU
		{47AD9C93-CA17-4D08-BD08-7D6EB2A0426F}.Debug|Any CPU.Build.0 = Debug|Any CPU
		{47AD9C93-CA17-4D08-BD08-7D6EB2A0426F}.Release|Any CPU.ActiveCfg = Release|Any CPU
		{47AD9C93-CA17-4D08-BD08-7D6EB2A0426F}.Release|Any CPU.Build.0 = Release|Any CPU
	EndGlobalSection
	GlobalSection(SolutionProperties) = preSolution
		HideSolutionNode = FALSE
	EndGlobalSection
	GlobalSection(ExtensibilityGlobals) = postSolution
		SolutionGuid = {3B233879-9F41-4155-879F-3A20095767D0}
	EndGlobalSection
EndGlobal
